
Microsoft Visual Studio Solution File, Format Version 12.00
# Visual Studio 15
VisualStudioVersion = 15.0.28307.902
MinimumVisualStudioVersion = 10.0.40219.1
Project("{9A19103F-16F7-4668-BE54-9A1E7A4F7556}") = "DataExtractor", "DataExtractor\DataExtractor.csproj", "{28F0186D-3196-4612-B2F5-0370582AEF2E}"
EndProject
Project("{FAE04EC0-301F-11D3-BF4B-00C04F79EFBC}") = "DataExtractorTool", "DataExtractorTool\DataExtractorTool.csproj", "{CD092788-D0E5-4553-953D-C91ACF2D343A}"
EndProject
Project("{FAE04EC0-301F-11D3-BF4B-00C04F79EFBC}") = "DataExtractor.Services", "DataExtractor.Services\DataExtractor.Services.csproj", "{4057595E-B62C-4234-AE0E-AAC5F8A3E972}"
EndProject
Global
	GlobalSection(SolutionConfigurationPlatforms) = preSolution
		Debug|Any CPU = Debug|Any CPU
		Release|Any CPU = Release|Any CPU
	EndGlobalSection
	GlobalSection(ProjectConfigurationPlatforms) = postSolution
		{28F0186D-3196-4612-B2F5-0370582AEF2E}.Debug|Any CPU.ActiveCfg = Debug|Any CPU
		{28F0186D-3196-4612-B2F5-0370582AEF2E}.Debug|Any CPU.Build.0 = Debug|Any CPU
		{28F0186D-3196-4612-B2F5-0370582AEF2E}.Release|Any CPU.ActiveCfg = Release|Any CPU
		{28F0186D-3196-4612-B2F5-0370582AEF2E}.Release|Any CPU.Build.0 = Release|Any CPU
		{CD092788-D0E5-4553-953D-C91ACF2D343A}.Debug|Any CPU.ActiveCfg = Debug|Any CPU
		{CD092788-D0E5-4553-953D-C91ACF2D343A}.Debug|Any CPU.Build.0 = Debug|Any CPU
		{CD092788-D0E5-4553-953D-C91ACF2D343A}.Release|Any CPU.ActiveCfg = Release|Any CPU
		{CD092788-D0E5-4553-953D-C91ACF2D343A}.Release|Any CPU.Build.0 = Release|Any CPU
		{4057595E-B62C-4234-AE0E-AAC5F8A3E972}.Debug|Any CPU.ActiveCfg = Debug|Any CPU
		{4057595E-B62C-4234-AE0E-AAC5F8A3E972}.Debug|Any CPU.Build.0 = Debug|Any CPU
		{4057595E-B62C-4234-AE0E-AAC5F8A3E972}.Release|Any CPU.ActiveCfg = Release|Any CPU
		{4057595E-B62C-4234-AE0E-AAC5F8A3E972}.Release|Any CPU.Build.0 = Release|Any CPU
	EndGlobalSection
	GlobalSection(SolutionProperties) = preSolution
		HideSolutionNode = FALSE
	EndGlobalSection
	GlobalSection(ExtensibilityGlobals) = postSolution
		SolutionGuid = {8E97BE02-7142-41B0-9036-4279055F03D5}
	EndGlobalSection
EndGlobal
