
Microsoft Visual Studio Solution File, Format Version 12.00
# Visual Studio Version 16
VisualStudioVersion = 16.0.29806.167
MinimumVisualStudioVersion = 10.0.40219.1
Project("{FAE04EC0-301F-11D3-BF4B-00C04F79EFBC}") = "DataExtractorTool", "DataExtractorTool\DataExtractorTool.csproj", "{CD092788-D0E5-4553-953D-C91ACF2D343A}"
EndProject
Project("{2150E333-8FDC-42A3-9474-1A3956D46DE8}") = "Factory", "Factory", "{15D6B125-9295-4B22-89A5-CF785DC75A51}"
EndProject
Project("{2150E333-8FDC-42A3-9474-1A3956D46DE8}") = "Design Patterns", "Design Patterns", "{33F841A0-9BAB-4DB7-8055-38615DEBBE57}"
EndProject
Project("{9A19103F-16F7-4668-BE54-9A1E7A4F7556}") = "FactoryMethod", "DesignPatterns\Factory\FactoryMehod\FactoryMethod.csproj", "{28999721-5624-4AD6-AC77-0C16884F1FC0}"
EndProject
Project("{9A19103F-16F7-4668-BE54-9A1E7A4F7556}") = "AbstractFactory", "DesignPatterns\Factory\AbstractFactory\AbstractFactory.csproj", "{B0ED3F81-A0FB-4F75-8993-67829D3DD950}"
EndProject
Project("{2150E333-8FDC-42A3-9474-1A3956D46DE8}") = "Builder", "Builder", "{FCBDB25B-428E-40AB-BC53-38DA12C6A1D0}"
EndProject
Project("{9A19103F-16F7-4668-BE54-9A1E7A4F7556}") = "BuilderDemo", "DesignPatterns\BuilderDemo\BuilderDemo.csproj", "{FBB0FB0A-6D64-4880-9ADE-C0E079D99C53}"
EndProject
Project("{2150E333-8FDC-42A3-9474-1A3956D46DE8}") = "Prototype", "Prototype", "{FE133AE1-6ED3-4026-AB47-5EC981BA1802}"
EndProject
Project("{9A19103F-16F7-4668-BE54-9A1E7A4F7556}") = "ShallowCopyPrototype", "DesignPatterns\Prototype\ShallowCopyPrototype\ShallowCopyPrototype.csproj", "{E1910CAA-3E75-405D-BD0B-1BC67642089B}"
EndProject
Project("{9A19103F-16F7-4668-BE54-9A1E7A4F7556}") = "DeepCopyPrototype", "DesignPatterns\Prototype\DeepCopyPrototype\DeepCopyPrototype.csproj", "{550A60F2-9AFD-4C46-A6ED-ABFE88DF2072}"
EndProject
Project("{2150E333-8FDC-42A3-9474-1A3956D46DE8}") = "Adapter", "Adapter", "{9AC6AD7E-3626-4993-A2D5-141835B3C5A6}"
EndProject
Project("{9A19103F-16F7-4668-BE54-9A1E7A4F7556}") = "AdapterDemo", "DesignPatterns\Adapter\AdapterDemo\AdapterDemo.csproj", "{D4145934-59B4-47C9-B354-32BFD6AEBC30}"
EndProject
Project("{9A19103F-16F7-4668-BE54-9A1E7A4F7556}") = "DecoratorDemo", "DesignPatterns\Decorator\DecoratorDemo\DecoratorDemo.csproj", "{13A52980-FFF3-4E2F-8243-E7C5B95A2DA5}"
EndProject
Project("{2150E333-8FDC-42A3-9474-1A3956D46DE8}") = "Decorator", "Decorator", "{F7DB83B8-1322-44B7-A75F-9A45A0A64F72}"
EndProject
Project("{9A19103F-16F7-4668-BE54-9A1E7A4F7556}") = "Composition", "DesignPatterns\Composition\Composition\Composition.csproj", "{80A4F7F9-F584-4EE1-987B-147468F03285}"
EndProject
Project("{2150E333-8FDC-42A3-9474-1A3956D46DE8}") = "CompostionPattern", "CompostionPattern", "{907AC0F6-F0E7-4E57-AC2B-B426EF224D9C}"
EndProject
Project("{9A19103F-16F7-4668-BE54-9A1E7A4F7556}") = "EBooksSettler", "EBooksSettler\EBooksSettler.csproj", "{9F14BF24-CB56-4CAC-A0F9-F4E9766B323E}"
EndProject
Project("{9A19103F-16F7-4668-BE54-9A1E7A4F7556}") = "Recursion", "DesignPatterns\Recursion\Recursion.csproj", "{FBE3AF8F-AD67-4948-9278-36B149726030}"
EndProject
Project("{2150E333-8FDC-42A3-9474-1A3956D46DE8}") = "ProgrammingPearls", "ProgrammingPearls", "{4867062D-BE7C-43FC-8341-FDC6855C5AA2}"
EndProject
Project("{9A19103F-16F7-4668-BE54-9A1E7A4F7556}") = "Chapter11", "ProgrammingPearls\Chapter11\Chapter11.csproj", "{98DE8672-7020-43D5-97B9-AD022ADDC45C}"
EndProject
Project("{2150E333-8FDC-42A3-9474-1A3956D46DE8}") = "AspnetCore", "AspnetCore", "{103B351F-D10A-4686-8C97-0EE61766C5A6}"
EndProject
Project("{FAE04EC0-301F-11D3-BF4B-00C04F79EFBC}") = "AspnetCoreNotes", "AspnetCore\AspnetCoreNotes\AspnetCoreNotes.csproj", "{6F88CD9C-C4F6-45F3-93A0-C24DBAC5E99D}"
EndProject
Project("{9A19103F-16F7-4668-BE54-9A1E7A4F7556}") = "SimpleFactory", "DesignPatterns\Factory\SimpleFactory\SimpleFactory.csproj", "{95023131-EFCF-4890-BEAA-14E240BF024C}"
EndProject
Global
	GlobalSection(SolutionConfigurationPlatforms) = preSolution
		Debug|Any CPU = Debug|Any CPU
		Release|Any CPU = Release|Any CPU
	EndGlobalSection
	GlobalSection(ProjectConfigurationPlatforms) = postSolution
		{CD092788-D0E5-4553-953D-C91ACF2D343A}.Debug|Any CPU.ActiveCfg = Debug|Any CPU
		{CD092788-D0E5-4553-953D-C91ACF2D343A}.Debug|Any CPU.Build.0 = Debug|Any CPU
		{CD092788-D0E5-4553-953D-C91ACF2D343A}.Release|Any CPU.ActiveCfg = Release|Any CPU
		{CD092788-D0E5-4553-953D-C91ACF2D343A}.Release|Any CPU.Build.0 = Release|Any CPU
		{28999721-5624-4AD6-AC77-0C16884F1FC0}.Debug|Any CPU.ActiveCfg = Debug|Any CPU
		{28999721-5624-4AD6-AC77-0C16884F1FC0}.Debug|Any CPU.Build.0 = Debug|Any CPU
		{28999721-5624-4AD6-AC77-0C16884F1FC0}.Release|Any CPU.ActiveCfg = Release|Any CPU
		{28999721-5624-4AD6-AC77-0C16884F1FC0}.Release|Any CPU.Build.0 = Release|Any CPU
		{B0ED3F81-A0FB-4F75-8993-67829D3DD950}.Debug|Any CPU.ActiveCfg = Debug|Any CPU
		{B0ED3F81-A0FB-4F75-8993-67829D3DD950}.Debug|Any CPU.Build.0 = Debug|Any CPU
		{B0ED3F81-A0FB-4F75-8993-67829D3DD950}.Release|Any CPU.ActiveCfg = Release|Any CPU
		{B0ED3F81-A0FB-4F75-8993-67829D3DD950}.Release|Any CPU.Build.0 = Release|Any CPU
		{FBB0FB0A-6D64-4880-9ADE-C0E079D99C53}.Debug|Any CPU.ActiveCfg = Debug|Any CPU
		{FBB0FB0A-6D64-4880-9ADE-C0E079D99C53}.Debug|Any CPU.Build.0 = Debug|Any CPU
		{FBB0FB0A-6D64-4880-9ADE-C0E079D99C53}.Release|Any CPU.ActiveCfg = Release|Any CPU
		{FBB0FB0A-6D64-4880-9ADE-C0E079D99C53}.Release|Any CPU.Build.0 = Release|Any CPU
		{E1910CAA-3E75-405D-BD0B-1BC67642089B}.Debug|Any CPU.ActiveCfg = Debug|Any CPU
		{E1910CAA-3E75-405D-BD0B-1BC67642089B}.Debug|Any CPU.Build.0 = Debug|Any CPU
		{E1910CAA-3E75-405D-BD0B-1BC67642089B}.Release|Any CPU.ActiveCfg = Release|Any CPU
		{E1910CAA-3E75-405D-BD0B-1BC67642089B}.Release|Any CPU.Build.0 = Release|Any CPU
		{550A60F2-9AFD-4C46-A6ED-ABFE88DF2072}.Debug|Any CPU.ActiveCfg = Debug|Any CPU
		{550A60F2-9AFD-4C46-A6ED-ABFE88DF2072}.Debug|Any CPU.Build.0 = Debug|Any CPU
		{550A60F2-9AFD-4C46-A6ED-ABFE88DF2072}.Release|Any CPU.ActiveCfg = Release|Any CPU
		{550A60F2-9AFD-4C46-A6ED-ABFE88DF2072}.Release|Any CPU.Build.0 = Release|Any CPU
		{D4145934-59B4-47C9-B354-32BFD6AEBC30}.Debug|Any CPU.ActiveCfg = Debug|Any CPU
		{D4145934-59B4-47C9-B354-32BFD6AEBC30}.Debug|Any CPU.Build.0 = Debug|Any CPU
		{D4145934-59B4-47C9-B354-32BFD6AEBC30}.Release|Any CPU.ActiveCfg = Release|Any CPU
		{D4145934-59B4-47C9-B354-32BFD6AEBC30}.Release|Any CPU.Build.0 = Release|Any CPU
		{13A52980-FFF3-4E2F-8243-E7C5B95A2DA5}.Debug|Any CPU.ActiveCfg = Debug|Any CPU
		{13A52980-FFF3-4E2F-8243-E7C5B95A2DA5}.Debug|Any CPU.Build.0 = Debug|Any CPU
		{13A52980-FFF3-4E2F-8243-E7C5B95A2DA5}.Release|Any CPU.ActiveCfg = Release|Any CPU
		{13A52980-FFF3-4E2F-8243-E7C5B95A2DA5}.Release|Any CPU.Build.0 = Release|Any CPU
		{80A4F7F9-F584-4EE1-987B-147468F03285}.Debug|Any CPU.ActiveCfg = Debug|Any CPU
		{80A4F7F9-F584-4EE1-987B-147468F03285}.Debug|Any CPU.Build.0 = Debug|Any CPU
		{80A4F7F9-F584-4EE1-987B-147468F03285}.Release|Any CPU.ActiveCfg = Release|Any CPU
		{80A4F7F9-F584-4EE1-987B-147468F03285}.Release|Any CPU.Build.0 = Release|Any CPU
		{9F14BF24-CB56-4CAC-A0F9-F4E9766B323E}.Debug|Any CPU.ActiveCfg = Debug|Any CPU
		{9F14BF24-CB56-4CAC-A0F9-F4E9766B323E}.Debug|Any CPU.Build.0 = Debug|Any CPU
		{9F14BF24-CB56-4CAC-A0F9-F4E9766B323E}.Release|Any CPU.ActiveCfg = Release|Any CPU
		{9F14BF24-CB56-4CAC-A0F9-F4E9766B323E}.Release|Any CPU.Build.0 = Release|Any CPU
		{FBE3AF8F-AD67-4948-9278-36B149726030}.Debug|Any CPU.ActiveCfg = Debug|Any CPU
		{FBE3AF8F-AD67-4948-9278-36B149726030}.Debug|Any CPU.Build.0 = Debug|Any CPU
		{FBE3AF8F-AD67-4948-9278-36B149726030}.Release|Any CPU.ActiveCfg = Release|Any CPU
		{FBE3AF8F-AD67-4948-9278-36B149726030}.Release|Any CPU.Build.0 = Release|Any CPU
		{98DE8672-7020-43D5-97B9-AD022ADDC45C}.Debug|Any CPU.ActiveCfg = Debug|Any CPU
		{98DE8672-7020-43D5-97B9-AD022ADDC45C}.Debug|Any CPU.Build.0 = Debug|Any CPU
		{98DE8672-7020-43D5-97B9-AD022ADDC45C}.Release|Any CPU.ActiveCfg = Release|Any CPU
		{98DE8672-7020-43D5-97B9-AD022ADDC45C}.Release|Any CPU.Build.0 = Release|Any CPU
		{6F88CD9C-C4F6-45F3-93A0-C24DBAC5E99D}.Debug|Any CPU.ActiveCfg = Debug|Any CPU
		{6F88CD9C-C4F6-45F3-93A0-C24DBAC5E99D}.Debug|Any CPU.Build.0 = Debug|Any CPU
		{6F88CD9C-C4F6-45F3-93A0-C24DBAC5E99D}.Release|Any CPU.ActiveCfg = Release|Any CPU
		{6F88CD9C-C4F6-45F3-93A0-C24DBAC5E99D}.Release|Any CPU.Build.0 = Release|Any CPU
		{95023131-EFCF-4890-BEAA-14E240BF024C}.Debug|Any CPU.ActiveCfg = Debug|Any CPU
		{95023131-EFCF-4890-BEAA-14E240BF024C}.Debug|Any CPU.Build.0 = Debug|Any CPU
		{95023131-EFCF-4890-BEAA-14E240BF024C}.Release|Any CPU.ActiveCfg = Release|Any CPU
		{95023131-EFCF-4890-BEAA-14E240BF024C}.Release|Any CPU.Build.0 = Release|Any CPU
	EndGlobalSection
	GlobalSection(SolutionProperties) = preSolution
		HideSolutionNode = FALSE
	EndGlobalSection
	GlobalSection(NestedProjects) = preSolution
		{15D6B125-9295-4B22-89A5-CF785DC75A51} = {33F841A0-9BAB-4DB7-8055-38615DEBBE57}
		{28999721-5624-4AD6-AC77-0C16884F1FC0} = {15D6B125-9295-4B22-89A5-CF785DC75A51}
		{B0ED3F81-A0FB-4F75-8993-67829D3DD950} = {15D6B125-9295-4B22-89A5-CF785DC75A51}
		{FCBDB25B-428E-40AB-BC53-38DA12C6A1D0} = {33F841A0-9BAB-4DB7-8055-38615DEBBE57}
		{FBB0FB0A-6D64-4880-9ADE-C0E079D99C53} = {FCBDB25B-428E-40AB-BC53-38DA12C6A1D0}
		{FE133AE1-6ED3-4026-AB47-5EC981BA1802} = {33F841A0-9BAB-4DB7-8055-38615DEBBE57}
		{E1910CAA-3E75-405D-BD0B-1BC67642089B} = {FE133AE1-6ED3-4026-AB47-5EC981BA1802}
		{550A60F2-9AFD-4C46-A6ED-ABFE88DF2072} = {FE133AE1-6ED3-4026-AB47-5EC981BA1802}
		{9AC6AD7E-3626-4993-A2D5-141835B3C5A6} = {33F841A0-9BAB-4DB7-8055-38615DEBBE57}
		{D4145934-59B4-47C9-B354-32BFD6AEBC30} = {9AC6AD7E-3626-4993-A2D5-141835B3C5A6}
		{13A52980-FFF3-4E2F-8243-E7C5B95A2DA5} = {F7DB83B8-1322-44B7-A75F-9A45A0A64F72}
		{F7DB83B8-1322-44B7-A75F-9A45A0A64F72} = {33F841A0-9BAB-4DB7-8055-38615DEBBE57}
		{80A4F7F9-F584-4EE1-987B-147468F03285} = {907AC0F6-F0E7-4E57-AC2B-B426EF224D9C}
		{907AC0F6-F0E7-4E57-AC2B-B426EF224D9C} = {33F841A0-9BAB-4DB7-8055-38615DEBBE57}
		{FBE3AF8F-AD67-4948-9278-36B149726030} = {33F841A0-9BAB-4DB7-8055-38615DEBBE57}
		{98DE8672-7020-43D5-97B9-AD022ADDC45C} = {4867062D-BE7C-43FC-8341-FDC6855C5AA2}
		{6F88CD9C-C4F6-45F3-93A0-C24DBAC5E99D} = {103B351F-D10A-4686-8C97-0EE61766C5A6}
		{95023131-EFCF-4890-BEAA-14E240BF024C} = {15D6B125-9295-4B22-89A5-CF785DC75A51}
	EndGlobalSection
	GlobalSection(ExtensibilityGlobals) = postSolution
		SolutionGuid = {8E97BE02-7142-41B0-9036-4279055F03D5}
	EndGlobalSection
	GlobalSection(Performance) = preSolution
		HasPerformanceSessions = true
	EndGlobalSection
EndGlobal
